hash: c313a82b53e0aff668eec14f4b3f71e48ed05ed303903aef82596782b6ccf4ee
updated: 2016-05-06T11:47:16.152394644-04:00
imports:
- name: github.com/flosch/go-humanize
  version: 3ba51eabe50663842d569003bab93fc256883173
- name: github.com/flosch/pongo2
  version: 7f5515449ea9bbeb00256d9cbb654c556e7d0146
- name: github.com/gorilla/context
  version: a8d44e7d8e4d532b6a27a02dd82abb31cc1b01bd
- name: github.com/gorilla/securecookie
  version: 667fe4e3466a040b780561fe9b51a83a3753eefc
- name: github.com/gorilla/sessions
  version: a1216e0aed834aa9074063dd4085f5c3df8d1fab
- name: github.com/labstack/echo
  version: 37f05202e8d94977ef9563050630cfb473d07e76
  subpackages:
  - engine
- name: github.com/labstack/gommon
  version: 2e62be24dbb1ceb226554aaccfe5a89ec71043b3
  subpackages:
  - color
  - log
- name: github.com/markbates/fresh
  version: 715e11a104bbcd8f4875ab672959a9b60262b748
  subpackages:
  - runner/runnerutils
- name: github.com/markbates/going
  version: a1da2ae5969b4c18a368f1bfef5e154be169c47c
  subpackages:
  - defaults
  - imt
  - randx
  - validate
  - wait
- name: github.com/mattn/go-colorable
  version: 45ce6a6f60010487dd0dbab368b5fbbed1c14ef0
- name: github.com/mattn/go-isatty
  version: 56b76bdf51f7708750eac80fa38b952bb9f32639
- name: github.com/valyala/fasttemplate
  version: 3b874956e03f1636d171bda64b130f9135f42cff
- name: golang.org/x/net
  version: 7e42c0e1329bb108f7376a7618a2871ab90f1c4d
  subpackages:
  - context
- name: golang.org/x/sys
  version: b776ec39b3e54652e09028aaaaac9757f4f8211a
  subpackages:
  - unix
devImports: []
